
Microsoft Visual Studio Solution File, Format Version 12.00
# Visual Studio Version 16
VisualStudioVersion = 16.0.29613.14
MinimumVisualStudioVersion = 10.0.40219.1
Project("{FAE04EC0-301F-11D3-BF4B-00C04F79EFBC}") = "AtividadePratica", "AtividadePratica\AtividadePratica.csproj", "{12B9B4D0-C35B-4CD9-A0B2-684C1F913803}"
EndProject
Global
	GlobalSection(SolutionConfigurationPlatforms) = preSolution
		Debug|Any CPU = Debug|Any CPU
		Release|Any CPU = Release|Any CPU
	EndGlobalSection
	GlobalSection(ProjectConfigurationPlatforms) = postSolution
		{12B9B4D0-C35B-4CD9-A0B2-684C1F913803}.Debug|Any CPU.ActiveCfg = Debug|Any CPU
		{12B9B4D0-C35B-4CD9-A0B2-684C1F913803}.Debug|Any CPU.Build.0 = Debug|Any CPU
		{12B9B4D0-C35B-4CD9-A0B2-684C1F913803}.Release|Any CPU.ActiveCfg = Release|Any CPU
		{12B9B4D0-C35B-4CD9-A0B2-684C1F913803}.Release|Any CPU.Build.0 = Release|Any CPU
	EndGlobalSection
	GlobalSection(SolutionProperties) = preSolution
		HideSolutionNode = FALSE
	EndGlobalSection
	GlobalSection(ExtensibilityGlobals) = postSolution
		SolutionGuid = {84B0CF44-2891-4608-B794-134D469FC15A}
	EndGlobalSection
EndGlobal
